# This file is autogenerated by pip-compile with Python 3.11
# by the following command:
#
#    pip-compile --output-file=requirements.lock --strip-extras backend/requirements.txt
#
# All dependencies are pinned to exact versions for reproducible installs.
# To update: pip-compile --upgrade backend/requirements.txt

# ── Core Web Framework ──
fastapi==0.141.1
uvicorn[standard]==0.52.4
pydantic==2.13.4
pydantic-settings==2.15.0
python-multipart==0.32

# ── Database ──
sqlalchemy==2.0.52
alembic==1.18.5
asyncpg==0.31.0
psycopg2-binary==2.9.12

# ── Auth ──
python-jose[cryptography]==3.5.0
bcrypt==5.0.0
email-validator==2.3.0

# ── ML / Embeddings ──
sentence-transformers==6.0.0
torch==2.13.0+cpu
--extra-index-url https://download.pytorch.org/whl/cpu

# ── Vector DB ──
chromadb==0.5.5

# ── Document Parsing ──
pypdf==6.15.0
python-docx==1.2.0
pytesseract==0.3.13
Pillow==11.0.0
pdf2image==1.17.0

# ── Search / NLP ──
rank-bm25==0.2.2
nltk==3.10.3

# ── MinIO (S3 client) ──
minio==7.2.20

# ── HTTP Client ──
httpx==0.27.2
httpx-sse==0.4.3
aiofiles==25.1.0

# ── SSE Streaming ──
sse-starlette==2.1.0

# ── Rate Limiting ──
slowapi==0.1.10

# ── Job Queue (ARQ + Redis) ──
arq==0.26.1
redis[hiredis]==8.1.0

# ── Monitoring / Metrics ──
prometheus-fastapi-instrumentator==8.1.0

# ── Structured Logging ──
structlog==24.4.0

# ── Optional: Claude / OpenAI API ──
anthropic==1.0.0
openai==1.51.2

# ── Testing ──
aiosqlite==0.22.1
pytest==8.3.3
pytest-asyncio==0.24.0
pytest-timeout==2.4.0
testcontainers==4.15.0

# ── Dev ──
python-dotenv==1.2.2
